// !$*UTF8*$!
{
	archiveVersion = 1;
	classes = {
	};
	objectVersion = 50;
	objects = {

/* Begin PBXBuildFile section */
		2306F4262544825200AB1449 /* ProductViewController.swift in Sources */ = {isa = PBXBuildFile; fileRef = 2306F4252544825200AB1449 /* ProductViewController.swift */; };
		23689D83254432DE00055D09 /* LoadingCell.swift in Sources */ = {isa = PBXBuildFile; fileRef = 23689D81254432DE00055D09 /* LoadingCell.swift */; };
		23689D84254432DE00055D09 /* LoadingCell.xib in Resources */ = {isa = PBXBuildFile; fileRef = 23689D82254432DE00055D09 /* LoadingCell.xib */; };
		23ADD3D12543647200EEF837 /*  empty.jpg in Resources */ = {isa = PBXBuildFile; fileRef = 23ADD3D02543647200EEF837 /*  empty.jpg */; };
		23ADD3D525436A9000EEF837 /* ImageLoader.swift in Sources */ = {isa = PBXBuildFile; fileRef = 23ADD3D425436A9000EEF837 /* ImageLoader.swift */; };
		23DCD58225419BF90044BB19 /* AppDelegate.swift in Sources */ = {isa = PBXBuildFile; fileRef = 23DCD58125419BF90044BB19 /* AppDelegate.swift */; };
		23DCD58425419BF90044BB19 /* SceneDelegate.swift in Sources */ = {isa = PBXBuildFile; fileRef = 23DCD58325419BF90044BB19 /* SceneDelegate.swift */; };
		23DCD58625419BF90044BB19 /* ProductListViewController.swift in Sources */ = {isa = PBXBuildFile; fileRef = 23DCD58525419BF90044BB19 /* ProductListViewController.swift */; };
		23DCD58925419BF90044BB19 /* Main.storyboard in Resources */ = {isa = PBXBuildFile; fileRef = 23DCD58725419BF90044BB19 /* Main.storyboard */; };
		23DCD58B25419BFB0044BB19 /* Assets.xcassets in Resources */ = {isa = PBXBuildFile; fileRef = 23DCD58A25419BFB0044BB19 /* Assets.xcassets */; };
		23DCD58E25419BFB0044BB19 /* LaunchScreen.storyboard in Resources */ = {isa = PBXBuildFile; fileRef = 23DCD58C25419BFB0044BB19 /* LaunchScreen.storyboard */; };
		23DCD59C2541B5110044BB19 /* Products.swift in Sources */ = {isa = PBXBuildFile; fileRef = 23DCD59B2541B5110044BB19 /* Products.swift */; };
		23DCD59F2541BA320044BB19 /* ProductsManager.swift in Sources */ = {isa = PBXBuildFile; fileRef = 23DCD59E2541BA320044BB19 /* ProductsManager.swift */; };
		23DCD5AB2541CF290044BB19 /* Constants.swift in Sources */ = {isa = PBXBuildFile; fileRef = 23DCD5AA2541CF290044BB19 /* Constants.swift */; };
/* End PBXBuildFile section */

/* Begin PBXFileReference section */
		2306F4252544825200AB1449 /* ProductViewController.swift */ = {isa = PBXFileReference; lastKnownFileType = sourcecode.swift; path = ProductViewController.swift; sourceTree = "<group>"; };
		23689D81254432DE00055D09 /* LoadingCell.swift */ = {isa = PBXFileReference; lastKnownFileType = sourcecode.swift; path = LoadingCell.swift; sourceTree = "<group>"; };
		23689D82254432DE00055D09 /* LoadingCell.xib */ = {isa = PBXFileReference; lastKnownFileType = file.xib; path = LoadingCell.xib; sourceTree = "<group>"; };
		23ADD3D02543647200EEF837 /*  empty.jpg */ = {isa = PBXFileReference; lastKnownFileType = image.jpeg; path = " empty.jpg"; sourceTree = "<group>"; };
		23ADD3D425436A9000EEF837 /* ImageLoader.swift */ = {isa = PBXFileReference; lastKnownFileType = sourcecode.swift; path = ImageLoader.swift; sourceTree = "<group>"; };
		23DCD57E25419BF90044BB19 /* RossShop.app */ = {isa = PBXFileReference; explicitFileType = wrapper.application; includeInIndex = 0; path = RossShop.app; sourceTree = BUILT_PRODUCTS_DIR; };
		23DCD58125419BF90044BB19 /* AppDelegate.swift */ = {isa = PBXFileReference; lastKnownFileType = sourcecode.swift; path = AppDelegate.swift; sourceTree = "<group>"; };
		23DCD58325419BF90044BB19 /* SceneDelegate.swift */ = {isa = PBXFileReference; lastKnownFileType = sourcecode.swift; path = SceneDelegate.swift; sourceTree = "<group>"; };
		23DCD58525419BF90044BB19 /* ProductListViewController.swift */ = {isa = PBXFileReference; lastKnownFileType = sourcecode.swift; path = ProductListViewController.swift; sourceTree = "<group>"; };
		23DCD58825419BF90044BB19 /* Base */ = {isa = PBXFileReference; lastKnownFileType = file.storyboard; name = Base; path = Base.lproj/Main.storyboard; sourceTree = "<group>"; };
		23DCD58A25419BFB0044BB19 /* Assets.xcassets */ = {isa = PBXFileReference; lastKnownFileType = folder.assetcatalog; path = Assets.xcassets; sourceTree = "<group>"; };
		23DCD58D25419BFB0044BB19 /* Base */ = {isa = PBXFileReference; lastKnownFileType = file.storyboard; name = Base; path = Base.lproj/LaunchScreen.storyboard; sourceTree = "<group>"; };
		23DCD58F25419BFB0044BB19 /* Info.plist */ = {isa = PBXFileReference; lastKnownFileType = text.plist.xml; path = Info.plist; sourceTree = "<group>"; };
		23DCD59B2541B5110044BB19 /* Products.swift */ = {isa = PBXFileReference; lastKnownFileType = sourcecode.swift; path = Products.swift; sourceTree = "<group>"; };
		23DCD59E2541BA320044BB19 /* ProductsManager.swift */ = {isa = PBXFileReference; lastKnownFileType = sourcecode.swift; path = ProductsManager.swift; sourceTree = "<group>"; };
		23DCD5AA2541CF290044BB19 /* Constants.swift */ = {isa = PBXFileReference; lastKnownFileType = sourcecode.swift; path = Constants.swift; sourceTree = "<group>"; };
/* End PBXFileReference section */

/* Begin PBXFrameworksBuildPhase section */
		23DCD57B25419BF90044BB19 /* Frameworks */ = {
			isa = PBXFrameworksBuildPhase;
			buildActionMask = 2147483647;
			files = (
			);
			runOnlyForDeploymentPostprocessing = 0;
		};
/* End PBXFrameworksBuildPhase section */

/* Begin PBXGroup section */
		23689D86254432E300055D09 /* Cell */ = {
			isa = PBXGroup;
			children = (
				23689D81254432DE00055D09 /* LoadingCell.swift */,
				23689D82254432DE00055D09 /* LoadingCell.xib */,
			);
			path = Cell;
			sourceTree = "<group>";
		};
		23DCD57525419BF90044BB19 = {
			isa = PBXGroup;
			children = (
				23DCD58025419BF90044BB19 /* RossShop */,
				23DCD57F25419BF90044BB19 /* Products */,
			);
			sourceTree = "<group>";
		};
		23DCD57F25419BF90044BB19 /* Products */ = {
			isa = PBXGroup;
			children = (
				23DCD57E25419BF90044BB19 /* RossShop.app */,
			);
			name = Products;
			sourceTree = "<group>";
		};
		23DCD58025419BF90044BB19 /* RossShop */ = {
			isa = PBXGroup;
			children = (
				23DCD59925419E810044BB19 /* Controller */,
				23DCD59725419E750044BB19 /* Model */,
				23DCD5A42541CDA20044BB19 /* Utils */,
				23DCD59825419E7B0044BB19 /* View */,
				23DCD58125419BF90044BB19 /* AppDelegate.swift */,
				23ADD3D02543647200EEF837 /*  empty.jpg */,
				23DCD58325419BF90044BB19 /* SceneDelegate.swift */,
				23DCD58A25419BFB0044BB19 /* Assets.xcassets */,
				23DCD58F25419BFB0044BB19 /* Info.plist */,
			);
			path = RossShop;
			sourceTree = "<group>";
		};
		23DCD59725419E750044BB19 /* Model */ = {
			isa = PBXGroup;
			children = (
				23DCD59B2541B5110044BB19 /* Products.swift */,
				23DCD59E2541BA320044BB19 /* ProductsManager.swift */,
				23ADD3D425436A9000EEF837 /* ImageLoader.swift */,
			);
			path = Model;
			sourceTree = "<group>";
		};
		23DCD59825419E7B0044BB19 /* View */ = {
			isa = PBXGroup;
			children = (
				23689D86254432E300055D09 /* Cell */,
				23DCD58725419BF90044BB19 /* Main.storyboard */,
				23DCD58C25419BFB0044BB19 /* LaunchScreen.storyboard */,
			);
			path = View;
			sourceTree = "<group>";
		};
		23DCD59925419E810044BB19 /* Controller */ = {
			isa = PBXGroup;
			children = (
				23DCD58525419BF90044BB19 /* ProductListViewController.swift */,
				2306F4252544825200AB1449 /* ProductViewController.swift */,
			);
			path = Controller;
			sourceTree = "<group>";
		};
		23DCD5A42541CDA20044BB19 /* Utils */ = {
			isa = PBXGroup;
			children = (
				23DCD5AA2541CF290044BB19 /* Constants.swift */,
			);
			path = Utils;
			sourceTree = "<group>";
		};
/* End PBXGroup section */

/* Begin PBXNativeTarget section */
		23DCD57D25419BF90044BB19 /* RossShop */ = {
			isa = PBXNativeTarget;
			buildConfigurationList = 23DCD59225419BFB0044BB19 /* Build configuration list for PBXNativeTarget "RossShop" */;
			buildPhases = (
				23DCD57A25419BF90044BB19 /* Sources */,
				23DCD57B25419BF90044BB19 /* Frameworks */,
				23DCD57C25419BF90044BB19 /* Resources */,
			);
			buildRules = (
			);
			dependencies = (
			);
			name = RossShop;
			productName = RossShop;
			productReference = 23DCD57E25419BF90044BB19 /* RossShop.app */;
			productType = "com.apple.product-type.application";
		};
/* End PBXNativeTarget section */

/* Begin PBXProject section */
		23DCD57625419BF90044BB19 /* Project object */ = {
			isa = PBXProject;
			attributes = {
				LastSwiftUpdateCheck = 1210;
				LastUpgradeCheck = 1210;
				TargetAttributes = {
					23DCD57D25419BF90044BB19 = {
						CreatedOnToolsVersion = 12.1;
					};
				};
			};
			buildConfigurationList = 23DCD57925419BF90044BB19 /* Build configuration list for PBXProject "RossShop" */;
			compatibilityVersion = "Xcode 9.3";
			developmentRegion = en;
			hasScannedForEncodings = 0;
			knownRegions = (
				en,
				Base,
			);
			mainGroup = 23DCD57525419BF90044BB19;
			productRefGroup = 23DCD57F25419BF90044BB19 /* Products */;
			projectDirPath = "";
			projectRoot = "";
			targets = (
				23DCD57D25419BF90044BB19 /* RossShop */,
			);
		};
/* End PBXProject section */

/* Begin PBXResourcesBuildPhase section */
		23DCD57C25419BF90044BB19 /* Resources */ = {
			isa = PBXResourcesBuildPhase;
			buildActionMask = 2147483647;
			files = (
				23ADD3D12543647200EEF837 /*  empty.jpg in Resources */,
				23DCD58E25419BFB0044BB19 /* LaunchScreen.storyboard in Resources */,
				23DCD58B25419BFB0044BB19 /* Assets.xcassets in Resources */,
				23689D84254432DE00055D09 /* LoadingCell.xib in Resources */,
				23DCD58925419BF90044BB19 /* Main.storyboard in Resources */,
			);
			runOnlyForDeploymentPostprocessing = 0;
		};
/* End PBXResourcesBuildPhase section */

/* Begin PBXSourcesBuildPhase section */
		23DCD57A25419BF90044BB19 /* Sources */ = {
			isa = PBXSourcesBuildPhase;
			buildActionMask = 2147483647;
			files = (
				23DCD59F2541BA320044BB19 /* ProductsManager.swift in Sources */,
				23DCD58625419BF90044BB19 /* ProductListViewController.swift in Sources */,
				23DCD59C2541B5110044BB19 /* Products.swift in Sources */,
				23DCD5AB2541CF290044BB19 /* Constants.swift in Sources */,
				23DCD58225419BF90044BB19 /* AppDelegate.swift in Sources */,
				23689D83254432DE00055D09 /* LoadingCell.swift in Sources */,
				23ADD3D525436A9000EEF837 /* ImageLoader.swift in Sources */,
				2306F4262544825200AB1449 /* ProductViewController.swift in Sources */,
				23DCD58425419BF90044BB19 /* SceneDelegate.swift in Sources */,
			);
			runOnlyForDeploymentPostprocessing = 0;
		};
/* End PBXSourcesBuildPhase section */

/* Begin PBXVariantGroup section */
		23DCD58725419BF90044BB19 /* Main.storyboard */ = {
			isa = PBXVariantGroup;
			children = (
				23DCD58825419BF90044BB19 /* Base */,
			);
			name = Main.storyboard;
			sourceTree = "<group>";
		};
		23DCD58C25419BFB0044BB19 /* LaunchScreen.storyboard */ = {
			isa = PBXVariantGroup;
			children = (
				23DCD58D25419BFB0044BB19 /* Base */,
			);
			name = LaunchScreen.storyboard;
			sourceTree = "<group>";
		};
/* End PBXVariantGroup section */

/* Begin XCBuildConfiguration section */
		23DCD59025419BFB0044BB19 /* Debug */ = {
			isa = XCBuildConfiguration;
			buildSettings = {
				ALWAYS_SEARCH_USER_PATHS = NO;
				CLANG_ANALYZER_NONNULL = YES;
				CLANG_ANALYZER_NUMBER_OBJECT_CONVERSION = YES_AGGRESSIVE;
				CLANG_CXX_LANGUAGE_STANDARD = "gnu++14";
				CLANG_CXX_LIBRARY = "libc++";
				CLANG_ENABLE_MODULES = YES;
				CLANG_ENABLE_OBJC_ARC = YES;
				CLANG_ENABLE_OBJC_WEAK = YES;
				CLANG_WARN_BLOCK_CAPTURE_AUTORELEASING = YES;
				CLANG_WARN_BOOL_CONVERSION = YES;
				CLANG_WARN_COMMA = YES;
				CLANG_WARN_CONSTANT_CONVERSION = YES;
				CLANG_WARN_DEPRECATED_OBJC_IMPLEMENTATIONS = YES;
				CLANG_WARN_DIRECT_OBJC_ISA_USAGE = YES_ERROR;
				CLANG_WARN_DOCUMENTATION_COMMENTS = YES;
				CLANG_WARN_EMPTY_BODY = YES;
				CLANG_WARN_ENUM_CONVERSION = YES;
				CLANG_WARN_INFINITE_RECURSION = YES;
				CLANG_WARN_INT_CONVERSION = YES;
				CLANG_WARN_NON_LITERAL_NULL_CONVERSION = YES;
				CLANG_WARN_OBJC_IMPLICIT_RETAIN_SELF = YES;
				CLANG_WARN_OBJC_LITERAL_CONVERSION = YES;
				CLANG_WARN_OBJC_ROOT_CLASS = YES_ERROR;
				CLANG_WARN_QUOTED_INCLUDE_IN_FRAMEWORK_HEADER = YES;
				CLANG_WARN_RANGE_LOOP_ANALYSIS = YES;
				CLANG_WARN_STRICT_PROTOTYPES = YES;
				CLANG_WARN_SUSPICIOUS_MOVE = YES;
				CLANG_WARN_UNGUARDED_AVAILABILITY = YES_AGGRESSIVE;
				CLANG_WARN_UNREACHABLE_CODE = YES;
				CLANG_WARN__DUPLICATE_METHOD_MATCH = YES;
				COPY_PHASE_STRIP = NO;
				DEBUG_INFORMATION_FORMAT = dwarf;
				ENABLE_STRICT_OBJC_MSGSEND = YES;
				ENABLE_TESTABILITY = YES;
				GCC_C_LANGUAGE_STANDARD = gnu11;
				GCC_DYNAMIC_NO_PIC = NO;
				GCC_NO_COMMON_BLOCKS = YES;
				GCC_OPTIMIZATION_LEVEL = 0;
				GCC_PREPROCESSOR_DEFINITIONS = (
					"DEBUG=1",
					"$(inherited)",
				);
				GCC_WARN_64_TO_32_BIT_CONVERSION = YES;
				GCC_WARN_ABOUT_RETURN_TYPE = YES_ERROR;
				GCC_WARN_UNDECLARED_SELECTOR = YES;
				GCC_WARN_UNINITIALIZED_AUTOS = YES_AGGRESSIVE;
				GCC_WARN_UNUSED_FUNCTION = YES;
				GCC_WARN_UNUSED_VARIABLE = YES;
				IPHONEOS_DEPLOYMENT_TARGET = 14.1;
				MTL_ENABLE_DEBUG_INFO = INCLUDE_SOURCE;
				MTL_FAST_MATH = YES;
				ONLY_ACTIVE_ARCH = YES;
				SDKROOT = iphoneos;
				SWIFT_ACTIVE_COMPILATION_CONDITIONS = DEBUG;
				SWIFT_OPTIMIZATION_LEVEL = "-Onone";
			};
			name = Debug;
		};
		23DCD59125419BFB0044BB19 /* Release */ = {
			isa = XCBuildConfiguration;
			buildSettings = {
				ALWAYS_SEARCH_USER_PATHS = NO;
				CLANG_ANALYZER_NONNULL = YES;
				CLANG_ANALYZER_NUMBER_OBJECT_CONVERSION = YES_AGGRESSIVE;
				CLANG_CXX_LANGUAGE_STANDARD = "gnu++14";
				CLANG_CXX_LIBRARY = "libc++";
				CLANG_ENABLE_MODULES = YES;
				CLANG_ENABLE_OBJC_ARC = YES;
				CLANG_ENABLE_OBJC_WEAK = YES;
				CLANG_WARN_BLOCK_CAPTURE_AUTORELEASING = YES;
				CLANG_WARN_BOOL_CONVERSION = YES;
				CLANG_WARN_COMMA = YES;
				CLANG_WARN_CONSTANT_CONVERSION = YES;
				CLANG_WARN_DEPRECATED_OBJC_IMPLEMENTATIONS = YES;
				CLANG_WARN_DIRECT_OBJC_ISA_USAGE = YES_ERROR;
				CLANG_WARN_DOCUMENTATION_COMMENTS = YES;
				CLANG_WARN_EMPTY_BODY = YES;
				CLANG_WARN_ENUM_CONVERSION = YES;
				CLANG_WARN_INFINITE_RECURSION = YES;
				CLANG_WARN_INT_CONVERSION = YES;
				CLANG_WARN_NON_LITERAL_NULL_CONVERSION = YES;
				CLANG_WARN_OBJC_IMPLICIT_RETAIN_SELF = YES;
				CLANG_WARN_OBJC_LITERAL_CONVERSION = YES;
				CLANG_WARN_OBJC_ROOT_CLASS = YES_ERROR;
				CLANG_WARN_QUOTED_INCLUDE_IN_FRAMEWORK_HEADER = YES;
				CLANG_WARN_RANGE_LOOP_ANALYSIS = YES;
				CLANG_WARN_STRICT_PROTOTYPES = YES;
				CLANG_WARN_SUSPICIOUS_MOVE = YES;
				CLANG_WARN_UNGUARDED_AVAILABILITY = YES_AGGRESSIVE;
				CLANG_WARN_UNREACHABLE_CODE = YES;
				CLANG_WARN__DUPLICATE_METHOD_MATCH = YES;
				COPY_PHASE_STRIP = NO;
				DEBUG_INFORMATION_FORMAT = "dwarf-with-dsym";
				ENABLE_NS_ASSERTIONS = NO;
				ENABLE_STRICT_OBJC_MSGSEND = YES;
				GCC_C_LANGUAGE_STANDARD = gnu11;
				GCC_NO_COMMON_BLOCKS = YES;
				GCC_WARN_64_TO_32_BIT_CONVERSION = YES;
				GCC_WARN_ABOUT_RETURN_TYPE = YES_ERROR;
				GCC_WARN_UNDECLARED_SELECTOR = YES;
				GCC_WARN_UNINITIALIZED_AUTOS = YES_AGGRESSIVE;
				GCC_WARN_UNUSED_FUNCTION = YES;
				GCC_WARN_UNUSED_VARIABLE = YES;
				IPHONEOS_DEPLOYMENT_TARGET = 14.1;
				MTL_ENABLE_DEBUG_INFO = NO;
				MTL_FAST_MATH = YES;
				SDKROOT = iphoneos;
				SWIFT_COMPILATION_MODE = wholemodule;
				SWIFT_OPTIMIZATION_LEVEL = "-O";
				VALIDATE_PRODUCT = YES;
			};
			name = Release;
		};
		23DCD59325419BFB0044BB19 /* Debug */ = {
			isa = XCBuildConfiguration;
			buildSettings = {
				ASSETCATALOG_COMPILER_APPICON_NAME = AppIcon;
				ASSETCATALOG_COMPILER_GLOBAL_ACCENT_COLOR_NAME = AccentColor;
				CODE_SIGN_STYLE = Automatic;
				INFOPLIST_FILE = RossShop/Info.plist;
				IPHONEOS_DEPLOYMENT_TARGET = 11.0;
				LD_RUNPATH_SEARCH_PATHS = (
					"$(inherited)",
					"@executable_path/Frameworks",
				);
				PRODUCT_BUNDLE_IDENTIFIER = sdestudio.RossShop;
				PRODUCT_NAME = "$(TARGET_NAME)";
				SWIFT_VERSION = 5.0;
				TARGETED_DEVICE_FAMILY = 1;
			};
			name = Debug;
		};
		23DCD59425419BFB0044BB19 /* Release */ = {
			isa = XCBuildConfiguration;
			buildSettings = {
				ASSETCATALOG_COMPILER_APPICON_NAME = AppIcon;
				ASSETCATALOG_COMPILER_GLOBAL_ACCENT_COLOR_NAME = AccentColor;
				CODE_SIGN_STYLE = Automatic;
				INFOPLIST_FILE = RossShop/Info.plist;
				IPHONEOS_DEPLOYMENT_TARGET = 11.0;
				LD_RUNPATH_SEARCH_PATHS = (
					"$(inherited)",
					"@executable_path/Frameworks",
				);
				PRODUCT_BUNDLE_IDENTIFIER = sdestudio.RossShop;
				PRODUCT_NAME = "$(TARGET_NAME)";
				SWIFT_VERSION = 5.0;
				TARGETED_DEVICE_FAMILY = 1;
			};
			name = Release;
		};
/* End XCBuildConfiguration section */

/* Begin XCConfigurationList section */
		23DCD57925419BF90044BB19 /* Build configuration list for PBXProject "RossShop" */ = {
			isa = XCConfigurationList;
			buildConfigurations = (
				23DCD59025419BFB0044BB19 /* Debug */,
				23DCD59125419BFB0044BB19 /* Release */,
			);
			defaultConfigurationIsVisible = 0;
			defaultConfigurationName = Release;
		};
		23DCD59225419BFB0044BB19 /* Build configuration list for PBXNativeTarget "RossShop" */ = {
			isa = XCConfigurationList;
			buildConfigurations = (
				23DCD59325419BFB0044BB19 /* Debug */,
				23DCD59425419BFB0044BB19 /* Release */,
			);
			defaultConfigurationIsVisible = 0;
			defaultConfigurationName = Release;
		};
/* End XCConfigurationList section */
	};
	rootObject = 23DCD57625419BF90044BB19 /* Project object */;
}
